<?xml version="1.0" encoding="utf-8"?>
<Project ToolsVersion="4.0" xmlns="http://schemas.microsoft.com/developer/msbuild/2003">
  <ItemGroup>
    <ClCompile Include="Editor\Commands\CommandHistory.cpp">
      <Filter>Source Files\Editor\Commands</Filter>
    </ClCompile>
    <ClCompile Include="Editor\Commands\ICommand.cpp">
      <Filter>Source Files\Editor\Commands</Filter>
    </ClCompile>
    <ClCompile Include="Editor\Elements\IElement.cpp">
      <Filter>Source Files\Editor\Elements</Filter>
    </ClCompile>
    <ClCompile Include="Editor\Elements\IElementView.cpp">
      <Filter>Source Files\Editor\Elements</Filter>
    </ClCompile>
    <ClCompile Include="Editor\Elements\ElementFactory.cpp">
      <Filter>Source Files\Editor\Elements</Filter>
    </ClCompile>
    <ClCompile Include="Editor\Elements\Pin.cpp">
      <Filter>Source Files\Editor\Elements</Filter>
    </ClCompile>
    <ClCompile Include="Editor\Elements\PinFactory.cpp">
      <Filter>Source Files\Editor\Elements</Filter>
    </ClCompile>
    <ClCompile Include="Editor\Elements\PinInput.cpp">
      <Filter>Source Files\Editor\Elements</Filter>
    </ClCompile>
    <ClCompile Include="Editor\Elements\PinOutput.cpp">
      <Filter>Source Files\Editor\Elements</Filter>
    </ClCompile>
    <ClCompile Include="Editor\Editor.cpp">
      <Filter>Source Files\Editor</Filter>
    </ClCompile>
    <ClCompile Include="Editor\EditorView.cpp">
      <Filter>Source Files\Editor</Filter>
    </ClCompile>
    <ClCompile Include="Library\Lib.cpp">
      <Filter>Source Files\Library</Filter>
    </ClCompile>
    <ClCompile Include="Library\LibController.cpp">
      <Filter>Source Files\Library</Filter>
    </ClCompile>
    <ClCompile Include="Library\LibElement.cpp">
      <Filter>Source Files\Library</Filter>
    </ClCompile>
    <ClCompile Include="QtEditor\QtEditor.cpp">
      <Filter>Source Files\QtEditor</Filter>
    </ClCompile>
    <ClCompile Include="QtLibrary\QtLibElement.cpp">
      <Filter>Source Files\QtLibrary</Filter>
    </ClCompile>
    <ClCompile Include="QtLibrary\QtLibWnd.cpp">
      <Filter>Source Files\QtLibrary</Filter>
    </ClCompile>
    <ClCompile Include="Utility\DataStorage\DataStorage.cpp">
      <Filter>Source Files\Utility\DataStorage</Filter>
    </ClCompile>
    <ClCompile Include="Utility\DataStorage\DataStorageCommon.cpp">
      <Filter>Source Files\Utility\DataStorage</Filter>
    </ClCompile>
    <ClCompile Include="stdafx.cpp">
      <Filter>Source Files</Filter>
    </ClCompile>
    <ClCompile Include="main.cpp">
      <Filter>Source Files</Filter>
    </ClCompile>
    <ClCompile Include="MsCsPs.cpp">
      <Filter>Source Files</Filter>
    </ClCompile>
    <ClCompile Include="..\Win32\GeneratedFiles\Debug\moc_MsCsPs.cpp">
      <Filter>Generated Files</Filter>
    </ClCompile>
    <ClCompile Include="..\Win32\GeneratedFiles\Release\moc_MsCsPs.cpp">
      <Filter>Generated Files</Filter>
    </ClCompile>
    <ClCompile Include="..\$(PlatformName)\GeneratedFiles\qrc_MsCsPs.cpp">
      <Filter>Generated Files</Filter>
    </ClCompile>
  </ItemGroup>
  <ItemGroup>
    <ClInclude Include="Editor\Commands\CommandHistory.h">
      <Filter>Header Files\Editor\Commands</Filter>
    </ClInclude>
    <ClInclude Include="Editor\Commands\ICommand.h">
      <Filter>Header Files\Editor\Commands</Filter>
    </ClInclude>
    <ClInclude Include="Editor\Elements\IElement.h">
      <Filter>Header Files\Editor\Elements</Filter>
    </ClInclude>
    <ClInclude Include="Editor\Elements\IElementView.h">
      <Filter>Header Files\Editor\Elements</Filter>
    </ClInclude>
    <ClInclude Include="Editor\Elements\ElementFactory.h">
      <Filter>Header Files\Editor\Elements</Filter>
    </ClInclude>
    <ClInclude Include="Editor\Elements\Pin.h">
      <Filter>Header Files\Editor\Elements</Filter>
    </ClInclude>
    <ClInclude Include="Editor\Elements\PinFactory.h">
      <Filter>Header Files\Editor\Elements</Filter>
    </ClInclude>
    <ClInclude Include="Editor\Elements\PinInput.h">
      <Filter>Header Files\Editor\Elements</Filter>
    </ClInclude>
    <ClInclude Include="Editor\Elements\PinOutput.h">
      <Filter>Header Files\Editor\Elements</Filter>
    </ClInclude>
    <ClInclude Include="Editor\Editor.h">
      <Filter>Header Files\Editor</Filter>
    </ClInclude>
    <ClInclude Include="Editor\EditorView.h">
      <Filter>Header Files\Editor</Filter>
    </ClInclude>
    <ClInclude Include="Library\Lib.h">
      <Filter>Header Files\Library</Filter>
    </ClInclude>
    <ClInclude Include="Library\LibController.h">
      <Filter>Header Files\Library</Filter>
    </ClInclude>
    <ClInclude Include="Library\LibElement.h">
      <Filter>Header Files\Library</Filter>
    </ClInclude>
    <ClInclude Include="Library\LibView.h">
      <Filter>Header Files\Library</Filter>
    </ClInclude>
    <ClInclude Include="Library\ILibElement.h">
      <Filter>Header Files\Library</Filter>
    </ClInclude>
    <ClInclude Include="QtEditor\QtEditor.h">
      <Filter>Header Files\QtEditor</Filter>
    </ClInclude>
    <ClInclude Include="QtLibrary\QtLibElement.h">
      <Filter>Header Files\QtLibrary</Filter>
    </ClInclude>
    <ClInclude Include="QtLibrary\QtLibWnd.h">
      <Filter>Header Files\QtLibrary</Filter>
    </ClInclude>
    <ClInclude Include="Utility\Geometry.h">
      <Filter>Header Files\Utility</Filter>
    </ClInclude>
    <ClInclude Include="Utility\DataStorage\DataStorage.h">
      <Filter>Header Files\Utility\DataStorage</Filter>
    </ClInclude>
    <ClInclude Include="Utility\DataStorage\DataStorageCommon.h">
      <Filter>Header Files\Utility\DataStorage</Filter>
    </ClInclude>
    <ClInclude Include="stdafx.h">
      <Filter>Header Files</Filter>
    </ClInclude>
    <ClInclude Include="..\$(PlatformName)\GeneratedFiles\ui_MsCsPs.h">
      <Filter>Generated Files</Filter>
    </ClInclude>
  </ItemGroup>
  <ItemGroup>
    <CustomBuild Include="MsCsPs.h">
      <Filter>Header Files</Filter>
    </CustomBuild>
    <CustomBuild Include="MsCsPs.ui">
      <Filter>Form Files</Filter>
    </CustomBuild>
    <CustomBuild Include="MsCsPs.qrc">
      <Filter>Resource Files</Filter>
    </CustomBuild>
  </ItemGroup>
  <ItemGroup>
    <Filter Include="Form Files">
      <UniqueIdentifier>{d63e4fce-a055-4cef-a26c-63eb92627397}</UniqueIdentifier>
    </Filter>
    <Filter Include="Header Files">
      <UniqueIdentifier>{22176662-52ab-4c7c-bc22-23e7eeca84e1}</UniqueIdentifier>
    </Filter>
    <Filter Include="Source Files">
      <UniqueIdentifier>{36bdbba9-0417-464f-a638-a1052b8726d7}</UniqueIdentifier>
    </Filter>
    <Filter Include="Resource Files">
      <UniqueIdentifier>{139c379a-f40f-4c95-8b28-fe4ce8cbb638}</UniqueIdentifier>
    </Filter>
    <Filter Include="Header Files\Editor">
      <UniqueIdentifier>{1ab5e09a-c25e-4a04-968b-8aa54153d4aa}</UniqueIdentifier>
    </Filter>
    <Filter Include="Header Files\Library">
      <UniqueIdentifier>{d4ff407d-9ec0-4414-8312-0e938f54205d}</UniqueIdentifier>
    </Filter>
    <Filter Include="Header Files\QtEditor">
      <UniqueIdentifier>{7e0ce032-7150-4d8a-be5d-866ccb67743a}</UniqueIdentifier>
    </Filter>
    <Filter Include="Header Files\Editor\Commands">
      <UniqueIdentifier>{3d7f17b6-40fb-4579-a5eb-8bde0473205a}</UniqueIdentifier>
    </Filter>
    <Filter Include="Header Files\Editor\Elements">
      <UniqueIdentifier>{d656a5b0-7c59-4276-a753-23d2fac7ca8d}</UniqueIdentifier>
    </Filter>
    <Filter Include="Source Files\Editor">
      <UniqueIdentifier>{30f2e0f7-48e2-4818-a9ff-08cf33752d82}</UniqueIdentifier>
    </Filter>
    <Filter Include="Source Files\Library">
      <UniqueIdentifier>{367bd668-016c-4d60-836d-56c27d6ea699}</UniqueIdentifier>
    </Filter>
    <Filter Include="Source Files\Utility">
      <UniqueIdentifier>{9a09b92b-2620-49a3-a8e9-a6ef41a8e35d}</UniqueIdentifier>
    </Filter>
    <Filter Include="Source Files\QtLibrary">
      <UniqueIdentifier>{0baf2a6b-164e-4d73-99eb-5346dc0a2519}</UniqueIdentifier>
    </Filter>
    <Filter Include="Header Files\Utility">
      <UniqueIdentifier>{24c62de8-ff21-4e01-8f19-1dfe34546162}</UniqueIdentifier>
    </Filter>
    <Filter Include="Header Files\Utility\DataStorage">
      <UniqueIdentifier>{8b6c7919-6fd4-4b51-be79-9798aacaa0b1}</UniqueIdentifier>
    </Filter>
    <Filter Include="Source Files\QtEditor">
      <UniqueIdentifier>{04312c9e-9b67-4540-8059-72b6d48ce2a9}</UniqueIdentifier>
    </Filter>
    <Filter Include="Source Files\Editor\Commands">
      <UniqueIdentifier>{96d182cb-bc63-4263-a22e-de9bdd51eb33}</UniqueIdentifier>
    </Filter>
    <Filter Include="Source Files\Editor\Elements">
      <UniqueIdentifier>{eca8f193-dbd8-419d-9a9e-19c1853325ec}</UniqueIdentifier>
    </Filter>
    <Filter Include="Source Files\Utility\DataStorage">
      <UniqueIdentifier>{96016a75-1855-4a18-9e1b-ced23f891663}</UniqueIdentifier>
    </Filter>
    <Filter Include="Header Files\QtLibrary">
      <UniqueIdentifier>{de1cbc30-321e-413f-8d9d-6fa8d899d867}</UniqueIdentifier>
    </Filter>
    <Filter Include="Generated Files">
      <UniqueIdentifier>{528ff526-757c-4ac6-a19e-1588a50b4d76}</UniqueIdentifier>
    </Filter>
  </ItemGroup>
</Project>